// !$*UTF8*$!
{
	archiveVersion = 1;
	classes = {
	};
	objectVersion = 56;
	objects = {

/* Begin PBXBuildFile section */
		400176E62974DB240030D4D6 /* NotifyByLocationApp.swift in Sources */ = {isa = PBXBuildFile; fileRef = 400176E52974DB240030D4D6 /* NotifyByLocationApp.swift */; };
		400176E82974DB240030D4D6 /* ContentView.swift in Sources */ = {isa = PBXBuildFile; fileRef = 400176E72974DB240030D4D6 /* ContentView.swift */; };
		400176EA2974DB270030D4D6 /* Assets.xcassets in Resources */ = {isa = PBXBuildFile; fileRef = 400176E92974DB270030D4D6 /* Assets.xcassets */; };
		400176ED2974DB270030D4D6 /* Preview Assets.xcassets in Resources */ = {isa = PBXBuildFile; fileRef = 400176EC2974DB270030D4D6 /* Preview Assets.xcassets */; };
		400176F42974DB8F0030D4D6 /* ContentViewModel.swift in Sources */ = {isa = PBXBuildFile; fileRef = 400176F32974DB8F0030D4D6 /* ContentViewModel.swift */; };
		400176F62974DE880030D4D6 /* LocationEngine.swift in Sources */ = {isa = PBXBuildFile; fileRef = 400176F52974DE880030D4D6 /* LocationEngine.swift */; };
		400176F929752AC90030D4D6 /* NotifySound.caf in Resources */ = {isa = PBXBuildFile; fileRef = 400176F829752AC90030D4D6 /* NotifySound.caf */; };
/* End PBXBuildFile section */

/* Begin PBXFileReference section */
		400176E22974DB240030D4D6 /* NotifyByLocation.app */ = {isa = PBXFileReference; explicitFileType = wrapper.application; includeInIndex = 0; path = NotifyByLocation.app; sourceTree = BUILT_PRODUCTS_DIR; };
		400176E52974DB240030D4D6 /* NotifyByLocationApp.swift */ = {isa = PBXFileReference; lastKnownFileType = sourcecode.swift; path = NotifyByLocationApp.swift; sourceTree = "<group>"; };
		400176E72974DB240030D4D6 /* ContentView.swift */ = {isa = PBXFileReference; lastKnownFileType = sourcecode.swift; path = ContentView.swift; sourceTree = "<group>"; };
		400176E92974DB270030D4D6 /* Assets.xcassets */ = {isa = PBXFileReference; lastKnownFileType = folder.assetcatalog; path = Assets.xcassets; sourceTree = "<group>"; };
		400176EC2974DB270030D4D6 /* Preview Assets.xcassets */ = {isa = PBXFileReference; lastKnownFileType = folder.assetcatalog; path = "Preview Assets.xcassets"; sourceTree = "<group>"; };
		400176F32974DB8F0030D4D6 /* ContentViewModel.swift */ = {isa = PBXFileReference; lastKnownFileType = sourcecode.swift; path = ContentViewModel.swift; sourceTree = "<group>"; };
		400176F52974DE880030D4D6 /* LocationEngine.swift */ = {isa = PBXFileReference; fileEncoding = 4; lastKnownFileType = sourcecode.swift; path = LocationEngine.swift; sourceTree = "<group>"; };
		400176F72974E9DC0030D4D6 /* Info.plist */ = {isa = PBXFileReference; lastKnownFileType = text.plist; path = Info.plist; sourceTree = "<group>"; };
		400176F829752AC90030D4D6 /* NotifySound.caf */ = {isa = PBXFileReference; lastKnownFileType = file; path = NotifySound.caf; sourceTree = "<group>"; };
		400176FA2975316A0030D4D6 /* Nakanosakaue.gpx */ = {isa = PBXFileReference; lastKnownFileType = text.xml; path = Nakanosakaue.gpx; sourceTree = "<group>"; };
		400176FB297532020030D4D6 /* NisiSinjyuku.gpx */ = {isa = PBXFileReference; lastKnownFileType = text.xml; path = NisiSinjyuku.gpx; sourceTree = "<group>"; };
/* End PBXFileReference section */

/* Begin PBXFrameworksBuildPhase section */
		400176DF2974DB240030D4D6 /* Frameworks */ = {
			isa = PBXFrameworksBuildPhase;
			buildActionMask = 2147483647;
			files = (
			);
			runOnlyForDeploymentPostprocessing = 0;
		};
/* End PBXFrameworksBuildPhase section */

/* Begin PBXGroup section */
		400176D92974DB240030D4D6 = {
			isa = PBXGroup;
			children = (
				400176FB297532020030D4D6 /* NisiSinjyuku.gpx */,
				400176FA2975316A0030D4D6 /* Nakanosakaue.gpx */,
				400176E42974DB240030D4D6 /* NotifyByLocation */,
				400176E32974DB240030D4D6 /* Products */,
			);
			sourceTree = "<group>";
		};
		400176E32974DB240030D4D6 /* Products */ = {
			isa = PBXGroup;
			children = (
				400176E22974DB240030D4D6 /* NotifyByLocation.app */,
			);
			name = Products;
			sourceTree = "<group>";
		};
		400176E42974DB240030D4D6 /* NotifyByLocation */ = {
			isa = PBXGroup;
			children = (
				400176F72974E9DC0030D4D6 /* Info.plist */,
				400176E92974DB270030D4D6 /* Assets.xcassets */,
				400176E72974DB240030D4D6 /* ContentView.swift */,
				400176F32974DB8F0030D4D6 /* ContentViewModel.swift */,
				400176E52974DB240030D4D6 /* NotifyByLocationApp.swift */,
				400176F829752AC90030D4D6 /* NotifySound.caf */,
				400176EB2974DB270030D4D6 /* Preview Content */,
				400176F52974DE880030D4D6 /* LocationEngine.swift */,
			);
			path = NotifyByLocation;
			sourceTree = "<group>";
		};
		400176EB2974DB270030D4D6 /* Preview Content */ = {
			isa = PBXGroup;
			children = (
				400176EC2974DB270030D4D6 /* Preview Assets.xcassets */,
			);
			path = "Preview Content";
			sourceTree = "<group>";
		};
/* End PBXGroup section */

/* Begin PBXNativeTarget section */
		400176E12974DB240030D4D6 /* NotifyByLocation */ = {
			isa = PBXNativeTarget;
			buildConfigurationList = 400176F02974DB270030D4D6 /* Build configuration list for PBXNativeTarget "NotifyByLocation" */;
			buildPhases = (
				400176DE2974DB240030D4D6 /* Sources */,
				400176DF2974DB240030D4D6 /* Frameworks */,
				400176E02974DB240030D4D6 /* Resources */,
			);
			buildRules = (
			);
			dependencies = (
			);
			name = NotifyByLocation;
			productName = NotifyByLocation;
			productReference = 400176E22974DB240030D4D6 /* NotifyByLocation.app */;
			productType = "com.apple.product-type.application";
		};
/* End PBXNativeTarget section */

/* Begin PBXProject section */
		400176DA2974DB240030D4D6 /* Project object */ = {
			isa = PBXProject;
			attributes = {
				BuildIndependentTargetsInParallel = 1;
				LastSwiftUpdateCheck = 1420;
				LastUpgradeCheck = 1420;
				TargetAttributes = {
					400176E12974DB240030D4D6 = {
						CreatedOnToolsVersion = 14.2;
					};
				};
			};
			buildConfigurationList = 400176DD2974DB240030D4D6 /* Build configuration list for PBXProject "NotifyByLocation" */;
			compatibilityVersion = "Xcode 14.0";
			developmentRegion = en;
			hasScannedForEncodings = 0;
			knownRegions = (
				en,
				Base,
			);
			mainGroup = 400176D92974DB240030D4D6;
			productRefGroup = 400176E32974DB240030D4D6 /* Products */;
			projectDirPath = "";
			projectRoot = "";
			targets = (
				400176E12974DB240030D4D6 /* NotifyByLocation */,
			);
		};
/* End PBXProject section */

/* Begin PBXResourcesBuildPhase section */
		400176E02974DB240030D4D6 /* Resources */ = {
			isa = PBXResourcesBuildPhase;
			buildActionMask = 2147483647;
			files = (
				400176F929752AC90030D4D6 /* NotifySound.caf in Resources */,
				400176ED2974DB270030D4D6 /* Preview Assets.xcassets in Resources */,
				400176EA2974DB270030D4D6 /* Assets.xcassets in Resources */,
			);
			runOnlyForDeploymentPostprocessing = 0;
		};
/* End PBXResourcesBuildPhase section */

/* Begin PBXSourcesBuildPhase section */
		400176DE2974DB240030D4D6 /* Sources */ = {
			isa = PBXSourcesBuildPhase;
			buildActionMask = 2147483647;
			files = (
				400176E82974DB240030D4D6 /* ContentView.swift in Sources */,
				400176E62974DB240030D4D6 /* NotifyByLocationApp.swift in Sources */,
				400176F42974DB8F0030D4D6 /* ContentViewModel.swift in Sources */,
				400176F62974DE880030D4D6 /* LocationEngine.swift in Sources */,
			);
			runOnlyForDeploymentPostprocessing = 0;
		};
/* End PBXSourcesBuildPhase section */

/* Begin XCBuildConfiguration section */
		400176EE2974DB270030D4D6 /* Debug */ = {
			isa = XCBuildConfiguration;
			buildSettings = {
				ALWAYS_SEARCH_USER_PATHS = NO;
				CLANG_ANALYZER_NONNULL = YES;
				CLANG_ANALYZER_NUMBER_OBJECT_CONVERSION = YES_AGGRESSIVE;
				CLANG_CXX_LANGUAGE_STANDARD = "gnu++20";
				CLANG_ENABLE_MODULES = YES;
				CLANG_ENABLE_OBJC_ARC = YES;
				CLANG_ENABLE_OBJC_WEAK = YES;
				CLANG_WARN_BLOCK_CAPTURE_AUTORELEASING = YES;
				CLANG_WARN_BOOL_CONVERSION = YES;
				CLANG_WARN_COMMA = YES;
				CLANG_WARN_CONSTANT_CONVERSION = YES;
				CLANG_WARN_DEPRECATED_OBJC_IMPLEMENTATIONS = YES;
				CLANG_WARN_DIRECT_OBJC_ISA_USAGE = YES_ERROR;
				CLANG_WARN_DOCUMENTATION_COMMENTS = YES;
				CLANG_WARN_EMPTY_BODY = YES;
				CLANG_WARN_ENUM_CONVERSION = YES;
				CLANG_WARN_INFINITE_RECURSION = YES;
				CLANG_WARN_INT_CONVERSION = YES;
				CLANG_WARN_NON_LITERAL_NULL_CONVERSION = YES;
				CLANG_WARN_OBJC_IMPLICIT_RETAIN_SELF = YES;
				CLANG_WARN_OBJC_LITERAL_CONVERSION = YES;
				CLANG_WARN_OBJC_ROOT_CLASS = YES_ERROR;
				CLANG_WARN_QUOTED_INCLUDE_IN_FRAMEWORK_HEADER = YES;
				CLANG_WARN_RANGE_LOOP_ANALYSIS = YES;
				CLANG_WARN_STRICT_PROTOTYPES = YES;
				CLANG_WARN_SUSPICIOUS_MOVE = YES;
				CLANG_WARN_UNGUARDED_AVAILABILITY = YES_AGGRESSIVE;
				CLANG_WARN_UNREACHABLE_CODE = YES;
				CLANG_WARN__DUPLICATE_METHOD_MATCH = YES;
				COPY_PHASE_STRIP = NO;
				DEBUG_INFORMATION_FORMAT = dwarf;
				ENABLE_STRICT_OBJC_MSGSEND = YES;
				ENABLE_TESTABILITY = YES;
				GCC_C_LANGUAGE_STANDARD = gnu11;
				GCC_DYNAMIC_NO_PIC = NO;
				GCC_NO_COMMON_BLOCKS = YES;
				GCC_OPTIMIZATION_LEVEL = 0;
				GCC_PREPROCESSOR_DEFINITIONS = (
					"DEBUG=1",
					"$(inherited)",
				);
				GCC_WARN_64_TO_32_BIT_CONVERSION = YES;
				GCC_WARN_ABOUT_RETURN_TYPE = YES_ERROR;
				GCC_WARN_UNDECLARED_SELECTOR = YES;
				GCC_WARN_UNINITIALIZED_AUTOS = YES_AGGRESSIVE;
				GCC_WARN_UNUSED_FUNCTION = YES;
				GCC_WARN_UNUSED_VARIABLE = YES;
				IPHONEOS_DEPLOYMENT_TARGET = 15.0;
				MTL_ENABLE_DEBUG_INFO = INCLUDE_SOURCE;
				MTL_FAST_MATH = YES;
				ONLY_ACTIVE_ARCH = YES;
				SDKROOT = iphoneos;
				SWIFT_ACTIVE_COMPILATION_CONDITIONS = DEBUG;
				SWIFT_OPTIMIZATION_LEVEL = "-Onone";
			};
			name = Debug;
		};
		400176EF2974DB270030D4D6 /* Release */ = {
			isa = XCBuildConfiguration;
			buildSettings = {
				ALWAYS_SEARCH_USER_PATHS = NO;
				CLANG_ANALYZER_NONNULL = YES;
				CLANG_ANALYZER_NUMBER_OBJECT_CONVERSION = YES_AGGRESSIVE;
				CLANG_CXX_LANGUAGE_STANDARD = "gnu++20";
				CLANG_ENABLE_MODULES = YES;
				CLANG_ENABLE_OBJC_ARC = YES;
				CLANG_ENABLE_OBJC_WEAK = YES;
				CLANG_WARN_BLOCK_CAPTURE_AUTORELEASING = YES;
				CLANG_WARN_BOOL_CONVERSION = YES;
				CLANG_WARN_COMMA = YES;
				CLANG_WARN_CONSTANT_CONVERSION = YES;
				CLANG_WARN_DEPRECATED_OBJC_IMPLEMENTATIONS = YES;
				CLANG_WARN_DIRECT_OBJC_ISA_USAGE = YES_ERROR;
				CLANG_WARN_DOCUMENTATION_COMMENTS = YES;
				CLANG_WARN_EMPTY_BODY = YES;
				CLANG_WARN_ENUM_CONVERSION = YES;
				CLANG_WARN_INFINITE_RECURSION = YES;
				CLANG_WARN_INT_CONVERSION = YES;
				CLANG_WARN_NON_LITERAL_NULL_CONVERSION = YES;
				CLANG_WARN_OBJC_IMPLICIT_RETAIN_SELF = YES;
				CLANG_WARN_OBJC_LITERAL_CONVERSION = YES;
				CLANG_WARN_OBJC_ROOT_CLASS = YES_ERROR;
				CLANG_WARN_QUOTED_INCLUDE_IN_FRAMEWORK_HEADER = YES;
				CLANG_WARN_RANGE_LOOP_ANALYSIS = YES;
				CLANG_WARN_STRICT_PROTOTYPES = YES;
				CLANG_WARN_SUSPICIOUS_MOVE = YES;
				CLANG_WARN_UNGUARDED_AVAILABILITY = YES_AGGRESSIVE;
				CLANG_WARN_UNREACHABLE_CODE = YES;
				CLANG_WARN__DUPLICATE_METHOD_MATCH = YES;
				COPY_PHASE_STRIP = NO;
				DEBUG_INFORMATION_FORMAT = "dwarf-with-dsym";
				ENABLE_NS_ASSERTIONS = NO;
				ENABLE_STRICT_OBJC_MSGSEND = YES;
				GCC_C_LANGUAGE_STANDARD = gnu11;
				GCC_NO_COMMON_BLOCKS = YES;
				GCC_WARN_64_TO_32_BIT_CONVERSION = YES;
				GCC_WARN_ABOUT_RETURN_TYPE = YES_ERROR;
				GCC_WARN_UNDECLARED_SELECTOR = YES;
				GCC_WARN_UNINITIALIZED_AUTOS = YES_AGGRESSIVE;
				GCC_WARN_UNUSED_FUNCTION = YES;
				GCC_WARN_UNUSED_VARIABLE = YES;
				IPHONEOS_DEPLOYMENT_TARGET = 15.0;
				MTL_ENABLE_DEBUG_INFO = NO;
				MTL_FAST_MATH = YES;
				SDKROOT = iphoneos;
				SWIFT_COMPILATION_MODE = wholemodule;
				SWIFT_OPTIMIZATION_LEVEL = "-O";
				VALIDATE_PRODUCT = YES;
			};
			name = Release;
		};
		400176F12974DB270030D4D6 /* Debug */ = {
			isa = XCBuildConfiguration;
			buildSettings = {
				ASSETCATALOG_COMPILER_APPICON_NAME = AppIcon;
				ASSETCATALOG_COMPILER_GLOBAL_ACCENT_COLOR_NAME = AccentColor;
				CODE_SIGN_STYLE = Automatic;
				CURRENT_PROJECT_VERSION = 1;
				DEVELOPMENT_ASSET_PATHS = "\"NotifyByLocation/Preview Content\"";
				DEVELOPMENT_TEAM = FLYP893UYL;
				ENABLE_PREVIEWS = YES;
				GENERATE_INFOPLIST_FILE = YES;
				INFOPLIST_FILE = NotifyByLocation/Info.plist;
				INFOPLIST_KEY_NSLocationAlwaysAndWhenInUseUsageDescription = "このアプリでは目的地への接近を確認するため位置情報を取得します";
				INFOPLIST_KEY_NSLocationAlwaysUsageDescription = "このアプリでは目的地への接近を確認するため位置情報を取得します";
				INFOPLIST_KEY_NSLocationWhenInUseUsageDescription = "このアプリでは目的地への接近を確認するため位置情報を取得します";
				INFOPLIST_KEY_UIApplicationSceneManifest_Generation = YES;
				INFOPLIST_KEY_UIApplicationSupportsIndirectInputEvents = YES;
				INFOPLIST_KEY_UILaunchScreen_Generation = YES;
				INFOPLIST_KEY_UISupportedInterfaceOrientations = UIInterfaceOrientationPortrait;
				INFOPLIST_KEY_UISupportedInterfaceOrientations_iPad = "UIInterfaceOrientationLandscapeLeft UIInterfaceOrientationLandscapeRight UIInterfaceOrientationPortrait UIInterfaceOrientationPortraitUpsideDown";
				IPHONEOS_DEPLOYMENT_TARGET = 15.0;
				LD_RUNPATH_SEARCH_PATHS = (
					"$(inherited)",
					"@executable_path/Frameworks",
				);
				MARKETING_VERSION = 1.0;
				PRODUCT_BUNDLE_IDENTIFIER = jp.co.rough.NotifyByLocation;
				PRODUCT_NAME = "$(TARGET_NAME)";
				SUPPORTED_PLATFORMS = "iphoneos iphonesimulator";
				SUPPORTS_MACCATALYST = NO;
				SUPPORTS_MAC_DESIGNED_FOR_IPHONE_IPAD = YES;
				SWIFT_EMIT_LOC_STRINGS = YES;
				SWIFT_VERSION = 5.0;
				TARGETED_DEVICE_FAMILY = 1;
			};
			name = Debug;
		};
		400176F22974DB270030D4D6 /* Release */ = {
			isa = XCBuildConfiguration;
			buildSettings = {
				ASSETCATALOG_COMPILER_APPICON_NAME = AppIcon;
				ASSETCATALOG_COMPILER_GLOBAL_ACCENT_COLOR_NAME = AccentColor;
				CODE_SIGN_STYLE = Automatic;
				CURRENT_PROJECT_VERSION = 1;
				DEVELOPMENT_ASSET_PATHS = "\"NotifyByLocation/Preview Content\"";
				DEVELOPMENT_TEAM = FLYP893UYL;
				ENABLE_PREVIEWS = YES;
				GENERATE_INFOPLIST_FILE = YES;
				INFOPLIST_FILE = NotifyByLocation/Info.plist;
				INFOPLIST_KEY_NSLocationAlwaysAndWhenInUseUsageDescription = "このアプリでは目的地への接近を確認するため位置情報を取得します";
				INFOPLIST_KEY_NSLocationAlwaysUsageDescription = "このアプリでは目的地への接近を確認するため位置情報を取得します";
				INFOPLIST_KEY_NSLocationWhenInUseUsageDescription = "このアプリでは目的地への接近を確認するため位置情報を取得します";
				INFOPLIST_KEY_UIApplicationSceneManifest_Generation = YES;
				INFOPLIST_KEY_UIApplicationSupportsIndirectInputEvents = YES;
				INFOPLIST_KEY_UILaunchScreen_Generation = YES;
				INFOPLIST_KEY_UISupportedInterfaceOrientations = UIInterfaceOrientationPortrait;
				INFOPLIST_KEY_UISupportedInterfaceOrientations_iPad = "UIInterfaceOrientationLandscapeLeft UIInterfaceOrientationLandscapeRight UIInterfaceOrientationPortrait UIInterfaceOrientationPortraitUpsideDown";
				IPHONEOS_DEPLOYMENT_TARGET = 15.0;
				LD_RUNPATH_SEARCH_PATHS = (
					"$(inherited)",
					"@executable_path/Frameworks",
				);
				MARKETING_VERSION = 1.0;
				PRODUCT_BUNDLE_IDENTIFIER = jp.co.rough.NotifyByLocation;
				PRODUCT_NAME = "$(TARGET_NAME)";
				SUPPORTED_PLATFORMS = "iphoneos iphonesimulator";
				SUPPORTS_MACCATALYST = NO;
				SUPPORTS_MAC_DESIGNED_FOR_IPHONE_IPAD = YES;
				SWIFT_EMIT_LOC_STRINGS = YES;
				SWIFT_VERSION = 5.0;
				TARGETED_DEVICE_FAMILY = 1;
			};
			name = Release;
		};
/* End XCBuildConfiguration section */

/* Begin XCConfigurationList section */
		400176DD2974DB240030D4D6 /* Build configuration list for PBXProject "NotifyByLocation" */ = {
			isa = XCConfigurationList;
			buildConfigurations = (
				400176EE2974DB270030D4D6 /* Debug */,
				400176EF2974DB270030D4D6 /* Release */,
			);
			defaultConfigurationIsVisible = 0;
			defaultConfigurationName = Release;
		};
		400176F02974DB270030D4D6 /* Build configuration list for PBXNativeTarget "NotifyByLocation" */ = {
			isa = XCConfigurationList;
			buildConfigurations = (
				400176F12974DB270030D4D6 /* Debug */,
				400176F22974DB270030D4D6 /* Release */,
			);
			defaultConfigurationIsVisible = 0;
			defaultConfigurationName = Release;
		};
/* End XCConfigurationList section */
	};
	rootObject = 400176DA2974DB240030D4D6 /* Project object */;
}
